Microsoft Visual Studio Solution File, Format Version 12.00
# Visual Studio Version 17
VisualStudioVersion = 17.0.31903.59
MinimumVisualStudioVersion = 10.0.40219.1
Project("{9A19103F-16F7-4668-BE54-9A1E7A4F7556}") = "FixFlow.TradeAllocBridge.Core", "src\FixFlow.TradeAllocBridge.Core\FixFlow.TradeAllocBridge.Core.csproj", "{A1111111-1111-1111-1111-111111111111}"
EndProject
Project("{9A19103F-16F7-4668-BE54-9A1E7A4F7556}") = "FixFlow.TradeAllocBridge.CLI", "src\FixFlow.TradeAllocBridge.CLI\FixFlow.TradeAllocBridge.CLI.csproj", "{B2222222-2222-2222-2222-222222222222}"
EndProject
Project("{9A19103F-16F7-4668-BE54-9A1E7A4F7556}") = "FixFlow.TradeAllocBridge.Tests", "tests\FixFlow.TradeAllocBridge.Tests\FixFlow.TradeAllocBridge.Tests.csproj", "{C3333333-3333-3333-3333-333333333333}"
EndProject
Project("{2150E333-8FDC-42A3-9474-1A3956D46DE8}") = "Solution Items", "Solution Items", "{8EC462FD-D22E-90A8-E5CE-7E832BA40C5D}"
	ProjectSection(SolutionItems) = preProject
		appsettings.json = appsettings.json
		mappings.json = mappings.json
	EndProjectSection
EndProject
Project("{2150E333-8FDC-42A3-9474-1A3956D46DE8}") = "cfg", "cfg", "{02EA681E-C7D8-13C7-8484-4AC65E1B71E8}"
	ProjectSection(SolutionItems) = preProject
		cfg\FIX42.cfg = cfg\FIX42.cfg
		cfg\FIX42.xml = cfg\FIX42.xml
		stunnel.conf = stunnel.conf
	EndProjectSection
EndProject
Project("{2150E333-8FDC-42A3-9474-1A3956D46DE8}") = "scripts", "scripts", "{A2F1A3C9-C067-44AD-8DE1-48AFD526AE3A}"
	ProjectSection(SolutionItems) = preProject
		Start-Stunnel.ps1 = Start-Stunnel.ps1
	EndProjectSection
EndProject
Project("{FAE04EC0-301F-11D3-BF4B-00C04F79EFBC}") = "FixFlow.TradeAllocBridge.WPF", "src\FixFlow.TradeAllocBridge.WPF\FixFlow.TradeAllocBridge.WPF.csproj", "{59D7A230-E347-8371-9CC8-BD5770BBAB01}"
EndProject
Global
	GlobalSection(SolutionConfigurationPlatforms) = preSolution
		Debug|Any CPU = Debug|Any CPU
		Release|Any CPU = Release|Any CPU
	EndGlobalSection
	GlobalSection(ProjectConfigurationPlatforms) = postSolution
		{A1111111-1111-1111-1111-111111111111}.Debug|Any CPU.ActiveCfg = Debug|Any CPU
		{A1111111-1111-1111-1111-111111111111}.Debug|Any CPU.Build.0 = Debug|Any CPU
		{A1111111-1111-1111-1111-111111111111}.Release|Any CPU.ActiveCfg = Release|Any CPU
		{A1111111-1111-1111-1111-111111111111}.Release|Any CPU.Build.0 = Release|Any CPU
		{B2222222-2222-2222-2222-222222222222}.Debug|Any CPU.ActiveCfg = Debug|Any CPU
		{B2222222-2222-2222-2222-222222222222}.Debug|Any CPU.Build.0 = Debug|Any CPU
		{B2222222-2222-2222-2222-222222222222}.Release|Any CPU.ActiveCfg = Release|Any CPU
		{B2222222-2222-2222-2222-222222222222}.Release|Any CPU.Build.0 = Release|Any CPU
		{C3333333-3333-3333-3333-333333333333}.Debug|Any CPU.ActiveCfg = Debug|Any CPU
		{C3333333-3333-3333-3333-333333333333}.Debug|Any CPU.Build.0 = Debug|Any CPU
		{C3333333-3333-3333-3333-333333333333}.Release|Any CPU.ActiveCfg = Release|Any CPU
		{C3333333-3333-3333-3333-333333333333}.Release|Any CPU.Build.0 = Release|Any CPU
		{59D7A230-E347-8371-9CC8-BD5770BBAB01}.Debug|Any CPU.ActiveCfg = Debug|Any CPU
		{59D7A230-E347-8371-9CC8-BD5770BBAB01}.Debug|Any CPU.Build.0 = Debug|Any CPU
		{59D7A230-E347-8371-9CC8-BD5770BBAB01}.Release|Any CPU.ActiveCfg = Release|Any CPU
		{59D7A230-E347-8371-9CC8-BD5770BBAB01}.Release|Any CPU.Build.0 = Release|Any CPU
	EndGlobalSection
	GlobalSection(SolutionProperties) = preSolution
		HideSolutionNode = FALSE
	EndGlobalSection
	GlobalSection(ExtensibilityGlobals) = postSolution
		SolutionGuid = {362D6902-A411-4527-A9D3-C86700E97540}
	EndGlobalSection
EndGlobal
